
Microsoft Visual Studio Solution File, Format Version 12.00
# Visual Studio Version 16
VisualStudioVersion = 16.0.29215.179
MinimumVisualStudioVersion = 10.0.40219.1
Project("{FAE04EC0-301F-11D3-BF4B-00C04F79EFBC}") = "LAB6", "LAB6\LAB6.csproj", "{8E192CEB-5DF5-47EA-8A7F-A79AF1D4D342}"
EndProject
Global
	GlobalSection(SolutionConfigurationPlatforms) = preSolution
		Debug|Any CPU = Debug|Any CPU
		Release|Any CPU = Release|Any CPU
	EndGlobalSection
	GlobalSection(ProjectConfigurationPlatforms) = postSolution
		{8E192CEB-5DF5-47EA-8A7F-A79AF1D4D342}.Debug|Any CPU.ActiveCfg = Debug|Any CPU
		{8E192CEB-5DF5-47EA-8A7F-A79AF1D4D342}.Debug|Any CPU.Build.0 = Debug|Any CPU
		{8E192CEB-5DF5-47EA-8A7F-A79AF1D4D342}.Release|Any CPU.ActiveCfg = Release|Any CPU
		{8E192CEB-5DF5-47EA-8A7F-A79AF1D4D342}.Release|Any CPU.Build.0 = Release|Any CPU
	EndGlobalSection
	GlobalSection(SolutionProperties) = preSolution
		HideSolutionNode = FALSE
	EndGlobalSection
	GlobalSection(ExtensibilityGlobals) = postSolution
		SolutionGuid = {60A0F95B-7FCE-40F0-A793-A3AF1FE3EBA3}
	EndGlobalSection
EndGlobal
