
Microsoft Visual Studio Solution File, Format Version 12.00
# Visual Studio Version 16
VisualStudioVersion = 16.0.29418.71
MinimumVisualStudioVersion = 10.0.40219.1
Project("{FAE04EC0-301F-11D3-BF4B-00C04F79EFBC}") = "Lab", "Lab\Lab.csproj", "{7FB84C68-C371-402C-B59C-ADE743DC45DA}"
EndProject
Global
	GlobalSection(SolutionConfigurationPlatforms) = preSolution
		Debug|Any CPU = Debug|Any CPU
		Release|Any CPU = Release|Any CPU
	EndGlobalSection
	GlobalSection(ProjectConfigurationPlatforms) = postSolution
		{7FB84C68-C371-402C-B59C-ADE743DC45DA}.Debug|Any CPU.ActiveCfg = Debug|Any CPU
		{7FB84C68-C371-402C-B59C-ADE743DC45DA}.Debug|Any CPU.Build.0 = Debug|Any CPU
		{7FB84C68-C371-402C-B59C-ADE743DC45DA}.Release|Any CPU.ActiveCfg = Release|Any CPU
		{7FB84C68-C371-402C-B59C-ADE743DC45DA}.Release|Any CPU.Build.0 = Release|Any CPU
	EndGlobalSection
	GlobalSection(SolutionProperties) = preSolution
		HideSolutionNode = FALSE
	EndGlobalSection
	GlobalSection(ExtensibilityGlobals) = postSolution
		SolutionGuid = {85FC95AA-6035-41BF-847B-4843A297D92C}
	EndGlobalSection
EndGlobal
